
Microsoft Visual Studio Solution File, Format Version 12.00
# Visual Studio Version 17
VisualStudioVersion = 17.0.31903.59
MinimumVisualStudioVersion = 10.0.40219.1
Project("{FAE04EC0-301F-11D3-BF4B-00C04F79EFBC}") = "DependabotPreGrouping.Tests", "DependabotPreGrouping.Tests\DependabotPreGrouping.Tests.csproj", "{157D9550-C567-44AC-B45C-D293A7C99C33}"
EndProject
Project("{FAE04EC0-301F-11D3-BF4B-00C04F79EFBC}") = "DependabotPreGrouping", "DependabotPreGrouping\DependabotPreGrouping.csproj", "{03272ABD-E5DB-4DA4-93EC-52CDA5B220E3}"
EndProject
Global
	GlobalSection(SolutionConfigurationPlatforms) = preSolution
		Debug|Any CPU = Debug|Any CPU
		Release|Any CPU = Release|Any CPU
	EndGlobalSection
	GlobalSection(SolutionProperties) = preSolution
		HideSolutionNode = FALSE
	EndGlobalSection
	GlobalSection(ProjectConfigurationPlatforms) = postSolution
		{157D9550-C567-44AC-B45C-D293A7C99C33}.Debug|Any CPU.ActiveCfg = Debug|Any CPU
		{157D9550-C567-44AC-B45C-D293A7C99C33}.Debug|Any CPU.Build.0 = Debug|Any CPU
		{157D9550-C567-44AC-B45C-D293A7C99C33}.Release|Any CPU.ActiveCfg = Release|Any CPU
		{157D9550-C567-44AC-B45C-D293A7C99C33}.Release|Any CPU.Build.0 = Release|Any CPU
		{03272ABD-E5DB-4DA4-93EC-52CDA5B220E3}.Debug|Any CPU.ActiveCfg = Debug|Any CPU
		{03272ABD-E5DB-4DA4-93EC-52CDA5B220E3}.Debug|Any CPU.Build.0 = Debug|Any CPU
		{03272ABD-E5DB-4DA4-93EC-52CDA5B220E3}.Release|Any CPU.ActiveCfg = Release|Any CPU
		{03272ABD-E5DB-4DA4-93EC-52CDA5B220E3}.Release|Any CPU.Build.0 = Release|Any CPU
	EndGlobalSection
EndGlobal
